
Microsoft Visual Studio Solution File, Format Version 12.00
# Visual Studio 2012
Project("{8BC9CEB8-8B4A-11D0-8D11-00A0C91BC942}") = "nbody v1.5", "nbody v1.5.vcxproj", "{95A6E351-48CB-4681-B1A4-CA2EBD6161EC}"
EndProject
Global
	GlobalSection(SolutionConfigurationPlatforms) = preSolution
		Debug|Win32 = Debug|Win32
		Release|Win32 = Release|Win32
	EndGlobalSection
	GlobalSection(ProjectConfigurationPlatforms) = postSolution
		{95A6E351-48CB-4681-B1A4-CA2EBD6161EC}.Debug|Win32.ActiveCfg = Debug|Win32
		{95A6E351-48CB-4681-B1A4-CA2EBD6161EC}.Debug|Win32.Build.0 = Debug|Win32
		{95A6E351-48CB-4681-B1A4-CA2EBD6161EC}.Release|Win32.ActiveCfg = Release|Win32
		{95A6E351-48CB-4681-B1A4-CA2EBD6161EC}.Release|Win32.Build.0 = Release|Win32
	EndGlobalSection
	GlobalSection(SolutionProperties) = preSolution
		HideSolutionNode = FALSE
	EndGlobalSection
EndGlobal
